// !$*UTF8*$!
{
	archiveVersion = 1;
	classes = {
	};
	objectVersion = 46;
	objects = {

/* Begin PBXBuildFile section */
		035FEA3418F3ACBA0099BBFA /* DALabeledCircularProgressView.m in Sources */ = {isa = PBXBuildFile; fileRef = 035FEA3318F3ACBA0099BBFA /* DALabeledCircularProgressView.m */; };
		6390AF421750275200C3B2F2 /* Default-568h@2x.png in Resources */ = {isa = PBXBuildFile; fileRef = 6390AF411750275200C3B2F2 /* Default-568h@2x.png */; };
		63B7813114E0BBE60009EE1F /* UIKit.framework in Frameworks */ = {isa = PBXBuildFile; fileRef = 63B7813014E0BBE60009EE1F /* UIKit.framework */; };
		63B7813314E0BBE60009EE1F /* Foundation.framework in Frameworks */ = {isa = PBXBuildFile; fileRef = 63B7813214E0BBE60009EE1F /* Foundation.framework */; };
		63B7813514E0BBE60009EE1F /* CoreGraphics.framework in Frameworks */ = {isa = PBXBuildFile; fileRef = 63B7813414E0BBE60009EE1F /* CoreGraphics.framework */; };
		63B7813B14E0BBE60009EE1F /* InfoPlist.strings in Resources */ = {isa = PBXBuildFile; fileRef = 63B7813914E0BBE60009EE1F /* InfoPlist.strings */; };
		63B7813D14E0BBE60009EE1F /* main.m in Sources */ = {isa = PBXBuildFile; fileRef = 63B7813C14E0BBE60009EE1F /* main.m */; };
		63B7814114E0BBE60009EE1F /* AppDelegate.m in Sources */ = {isa = PBXBuildFile; fileRef = 63B7814014E0BBE60009EE1F /* AppDelegate.m */; };
		63B7814414E0BBE60009EE1F /* ViewController.m in Sources */ = {isa = PBXBuildFile; fileRef = 63B7814314E0BBE60009EE1F /* ViewController.m */; };
		63B7814714E0BBE60009EE1F /* ViewController.xib in Resources */ = {isa = PBXBuildFile; fileRef = 63B7814514E0BBE60009EE1F /* ViewController.xib */; };
		63B7815014E0BC780009EE1F /* DACircularProgressView.m in Sources */ = {isa = PBXBuildFile; fileRef = 63B7814F14E0BC780009EE1F /* DACircularProgressView.m */; };
		DA8DF49E159BC0B800E477DE /* QuartzCore.framework in Frameworks */ = {isa = PBXBuildFile; fileRef = DA8DF49D159BC0B800E477DE /* QuartzCore.framework */; };
/* End PBXBuildFile section */

/* Begin PBXFileReference section */
		035FEA3218F3ACBA0099BBFA /* DALabeledCircularProgressView.h */ = {isa = PBXFileReference; fileEncoding = 4; lastKnownFileType = sourcecode.c.h; path = DALabeledCircularProgressView.h; sourceTree = "<group>"; };
		035FEA3318F3ACBA0099BBFA /* DALabeledCircularProgressView.m */ = {isa = PBXFileReference; fileEncoding = 4; lastKnownFileType = sourcecode.c.objc; path = DALabeledCircularProgressView.m; sourceTree = "<group>"; };
		6390AF411750275200C3B2F2 /* Default-568h@2x.png */ = {isa = PBXFileReference; lastKnownFileType = image.png; path = "Default-568h@2x.png"; sourceTree = "<group>"; };
		63B7812C14E0BBE60009EE1F /* DACircularProgressExample.app */ = {isa = PBXFileReference; explicitFileType = wrapper.application; includeInIndex = 0; path = DACircularProgressExample.app; sourceTree = BUILT_PRODUCTS_DIR; };
		63B7813014E0BBE60009EE1F /* UIKit.framework */ = {isa = PBXFileReference; lastKnownFileType = wrapper.framework; name = UIKit.framework; path = System/Library/Frameworks/UIKit.framework; sourceTree = SDKROOT; };
		63B7813214E0BBE60009EE1F /* Foundation.framework */ = {isa = PBXFileReference; lastKnownFileType = wrapper.framework; name = Foundation.framework; path = System/Library/Frameworks/Foundation.framework; sourceTree = SDKROOT; };
		63B7813414E0BBE60009EE1F /* CoreGraphics.framework */ = {isa = PBXFileReference; lastKnownFileType = wrapper.framework; name = CoreGraphics.framework; path = System/Library/Frameworks/CoreGraphics.framework; sourceTree = SDKROOT; };
		63B7813814E0BBE60009EE1F /* DACircularProgressExample-Info.plist */ = {isa = PBXFileReference; lastKnownFileType = text.plist.xml; path = "DACircularProgressExample-Info.plist"; sourceTree = "<group>"; };
		63B7813A14E0BBE60009EE1F /* en */ = {isa = PBXFileReference; lastKnownFileType = text.plist.strings; name = en; path = en.lproj/InfoPlist.strings; sourceTree = "<group>"; };
		63B7813C14E0BBE60009EE1F /* main.m */ = {isa = PBXFileReference; lastKnownFileType = sourcecode.c.objc; path = main.m; sourceTree = "<group>"; };
		63B7813E14E0BBE60009EE1F /* DACircularProgressExample-Prefix.pch */ = {isa = PBXFileReference; lastKnownFileType = sourcecode.c.h; path = "DACircularProgressExample-Prefix.pch"; sourceTree = "<group>"; };
		63B7813F14E0BBE60009EE1F /* AppDelegate.h */ = {isa = PBXFileReference; lastKnownFileType = sourcecode.c.h; path = AppDelegate.h; sourceTree = "<group>"; };
		63B7814014E0BBE60009EE1F /* AppDelegate.m */ = {isa = PBXFileReference; lastKnownFileType = sourcecode.c.objc; path = AppDelegate.m; sourceTree = "<group>"; };
		63B7814214E0BBE60009EE1F /* ViewController.h */ = {isa = PBXFileReference; lastKnownFileType = sourcecode.c.h; path = ViewController.h; sourceTree = "<group>"; };
		63B7814314E0BBE60009EE1F /* ViewController.m */ = {isa = PBXFileReference; lastKnownFileType = sourcecode.c.objc; path = ViewController.m; sourceTree = "<group>"; };
		63B7814614E0BBE60009EE1F /* en */ = {isa = PBXFileReference; lastKnownFileType = file.xib; name = en; path = en.lproj/ViewController.xib; sourceTree = "<group>"; };
		63B7814E14E0BC780009EE1F /* DACircularProgressView.h */ = {isa = PBXFileReference; fileEncoding = 4; lastKnownFileType = sourcecode.c.h; path = DACircularProgressView.h; sourceTree = "<group>"; };
		63B7814F14E0BC780009EE1F /* DACircularProgressView.m */ = {isa = PBXFileReference; fileEncoding = 4; lastKnownFileType = sourcecode.c.objc; path = DACircularProgressView.m; sourceTree = "<group>"; };
		DA8DF49D159BC0B800E477DE /* QuartzCore.framework */ = {isa = PBXFileReference; lastKnownFileType = wrapper.framework; name = QuartzCore.framework; path = System/Library/Frameworks/QuartzCore.framework; sourceTree = SDKROOT; };
/* End PBXFileReference section */

/* Begin PBXFrameworksBuildPhase section */
		63B7812914E0BBE60009EE1F /* Frameworks */ = {
			isa = PBXFrameworksBuildPhase;
			buildActionMask = 2147483647;
			files = (
				63B7813114E0BBE60009EE1F /* UIKit.framework in Frameworks */,
				63B7813314E0BBE60009EE1F /* Foundation.framework in Frameworks */,
				63B7813514E0BBE60009EE1F /* CoreGraphics.framework in Frameworks */,
				DA8DF49E159BC0B800E477DE /* QuartzCore.framework in Frameworks */,
			);
			runOnlyForDeploymentPostprocessing = 0;
		};
/* End PBXFrameworksBuildPhase section */

/* Begin PBXGroup section */
		63B7812114E0BBE60009EE1F = {
			isa = PBXGroup;
			children = (
				6390AF411750275200C3B2F2 /* Default-568h@2x.png */,
				63B7814D14E0BC770009EE1F /* DACircularProgress */,
				63B7813614E0BBE60009EE1F /* DACircularProgressExample */,
				63B7812F14E0BBE60009EE1F /* Frameworks */,
				63B7812D14E0BBE60009EE1F /* Products */,
			);
			indentWidth = 4;
			sourceTree = "<group>";
			tabWidth = 4;
			usesTabs = 0;
		};
		63B7812D14E0BBE60009EE1F /* Products */ = {
			isa = PBXGroup;
			children = (
				63B7812C14E0BBE60009EE1F /* DACircularProgressExample.app */,
			);
			name = Products;
			sourceTree = "<group>";
		};
		63B7812F14E0BBE60009EE1F /* Frameworks */ = {
			isa = PBXGroup;
			children = (
				63B7813014E0BBE60009EE1F /* UIKit.framework */,
				63B7813214E0BBE60009EE1F /* Foundation.framework */,
				63B7813414E0BBE60009EE1F /* CoreGraphics.framework */,
				DA8DF49D159BC0B800E477DE /* QuartzCore.framework */,
			);
			name = Frameworks;
			sourceTree = "<group>";
		};
		63B7813614E0BBE60009EE1F /* DACircularProgressExample */ = {
			isa = PBXGroup;
			children = (
				63B7813F14E0BBE60009EE1F /* AppDelegate.h */,
				63B7814014E0BBE60009EE1F /* AppDelegate.m */,
				63B7814214E0BBE60009EE1F /* ViewController.h */,
				63B7814314E0BBE60009EE1F /* ViewController.m */,
				63B7814514E0BBE60009EE1F /* ViewController.xib */,
				63B7813714E0BBE60009EE1F /* Supporting Files */,
			);
			path = DACircularProgressExample;
			sourceTree = "<group>";
		};
		63B7813714E0BBE60009EE1F /* Supporting Files */ = {
			isa = PBXGroup;
			children = (
				63B7813814E0BBE60009EE1F /* DACircularProgressExample-Info.plist */,
				63B7813914E0BBE60009EE1F /* InfoPlist.strings */,
				63B7813C14E0BBE60009EE1F /* main.m */,
				63B7813E14E0BBE60009EE1F /* DACircularProgressExample-Prefix.pch */,
			);
			name = "Supporting Files";
			sourceTree = "<group>";
		};
		63B7814D14E0BC770009EE1F /* DACircularProgress */ = {
			isa = PBXGroup;
			children = (
				63B7814E14E0BC780009EE1F /* DACircularProgressView.h */,
				63B7814F14E0BC780009EE1F /* DACircularProgressView.m */,
				035FEA3218F3ACBA0099BBFA /* DALabeledCircularProgressView.h */,
				035FEA3318F3ACBA0099BBFA /* DALabeledCircularProgressView.m */,
			);
			name = DACircularProgress;
			path = ../DACircularProgress;
			sourceTree = "<group>";
		};
/* End PBXGroup section */

/* Begin PBXNativeTarget section */
		63B7812B14E0BBE60009EE1F /* DACircularProgressExample */ = {
			isa = PBXNativeTarget;
			buildConfigurationList = 63B7814A14E0BBE60009EE1F /* Build configuration list for PBXNativeTarget "DACircularProgressExample" */;
			buildPhases = (
				63B7812814E0BBE60009EE1F /* Sources */,
				63B7812914E0BBE60009EE1F /* Frameworks */,
				63B7812A14E0BBE60009EE1F /* Resources */,
			);
			buildRules = (
			);
			dependencies = (
			);
			name = DACircularProgressExample;
			productName = DACircularProgressExample;
			productReference = 63B7812C14E0BBE60009EE1F /* DACircularProgressExample.app */;
			productType = "com.apple.product-type.application";
		};
/* End PBXNativeTarget section */

/* Begin PBXProject section */
		63B7812314E0BBE60009EE1F /* Project object */ = {
			isa = PBXProject;
			attributes = {
				LastUpgradeCheck = 0610;
				ORGANIZATIONNAME = "Shout Messenger";
			};
			buildConfigurationList = 63B7812614E0BBE60009EE1F /* Build configuration list for PBXProject "DACircularProgressExample" */;
			compatibilityVersion = "Xcode 3.2";
			developmentRegion = English;
			hasScannedForEncodings = 0;
			knownRegions = (
				en,
			);
			mainGroup = 63B7812114E0BBE60009EE1F;
			productRefGroup = 63B7812D14E0BBE60009EE1F /* Products */;
			projectDirPath = "";
			projectRoot = "";
			targets = (
				63B7812B14E0BBE60009EE1F /* DACircularProgressExample */,
			);
		};
/* End PBXProject section */

/* Begin PBXResourcesBuildPhase section */
		63B7812A14E0BBE60009EE1F /* Resources */ = {
			isa = PBXResourcesBuildPhase;
			buildActionMask = 2147483647;
			files = (
				63B7813B14E0BBE60009EE1F /* InfoPlist.strings in Resources */,
				63B7814714E0BBE60009EE1F /* ViewController.xib in Resources */,
				6390AF421750275200C3B2F2 /* Default-568h@2x.png in Resources */,
			);
			runOnlyForDeploymentPostprocessing = 0;
		};
/* End PBXResourcesBuildPhase section */

/* Begin PBXSourcesBuildPhase section */
		63B7812814E0BBE60009EE1F /* Sources */ = {
			isa = PBXSourcesBuildPhase;
			buildActionMask = 2147483647;
			files = (
				63B7813D14E0BBE60009EE1F /* main.m in Sources */,
				63B7814114E0BBE60009EE1F /* AppDelegate.m in Sources */,
				63B7814414E0BBE60009EE1F /* ViewController.m in Sources */,
				63B7815014E0BC780009EE1F /* DACircularProgressView.m in Sources */,
				035FEA3418F3ACBA0099BBFA /* DALabeledCircularProgressView.m in Sources */,
			);
			runOnlyForDeploymentPostprocessing = 0;
		};
/* End PBXSourcesBuildPhase section */

/* Begin PBXVariantGroup section */
		63B7813914E0BBE60009EE1F /* InfoPlist.strings */ = {
			isa = PBXVariantGroup;
			children = (
				63B7813A14E0BBE60009EE1F /* en */,
			);
			name = InfoPlist.strings;
			sourceTree = "<group>";
		};
		63B7814514E0BBE60009EE1F /* ViewController.xib */ = {
			isa = PBXVariantGroup;
			children = (
				63B7814614E0BBE60009EE1F /* en */,
			);
			name = ViewController.xib;
			sourceTree = "<group>";
		};
/* End PBXVariantGroup section */

/* Begin XCBuildConfiguration section */
		63B7814814E0BBE60009EE1F /* Debug */ = {
			isa = XCBuildConfiguration;
			buildSettings = {
				ALWAYS_SEARCH_USER_PATHS = NO;
				CLANG_ENABLE_OBJC_ARC = YES;
				CLANG_WARN_BOOL_CONVERSION = YES;
				CLANG_WARN_CONSTANT_CONVERSION = YES;
				CLANG_WARN_EMPTY_BODY = YES;
				CLANG_WARN_ENUM_CONVERSION = YES;
				CLANG_WARN_INT_CONVERSION = YES;
				CLANG_WARN_UNREACHABLE_CODE = YES;
				CLANG_WARN__DUPLICATE_METHOD_MATCH = YES;
				"CODE_SIGN_IDENTITY[sdk=iphoneos*]" = "iPhone Developer";
				COPY_PHASE_STRIP = NO;
				ENABLE_STRICT_OBJC_MSGSEND = YES;
				GCC_C_LANGUAGE_STANDARD = gnu99;
				GCC_DYNAMIC_NO_PIC = NO;
				GCC_OPTIMIZATION_LEVEL = 0;
				GCC_PREPROCESSOR_DEFINITIONS = (
					"DEBUG=1",
					"$(inherited)",
				);
				GCC_SYMBOLS_PRIVATE_EXTERN = NO;
				GCC_VERSION = com.apple.compilers.llvm.clang.1_0;
				GCC_WARN_64_TO_32_BIT_CONVERSION = YES;
				GCC_WARN_ABOUT_MISSING_PROTOTYPES = YES;
				GCC_WARN_ABOUT_RETURN_TYPE = YES;
				GCC_WARN_UNDECLARED_SELECTOR = YES;
				GCC_WARN_UNINITIALIZED_AUTOS = YES;
				GCC_WARN_UNUSED_FUNCTION = YES;
				GCC_WARN_UNUSED_VARIABLE = YES;
				IPHONEOS_DEPLOYMENT_TARGET = 4.3;
				ONLY_ACTIVE_ARCH = YES;
				SDKROOT = iphoneos;
			};
			name = Debug;
		};
		63B7814914E0BBE60009EE1F /* Release */ = {
			isa = XCBuildConfiguration;
			buildSettings = {
				ALWAYS_SEARCH_USER_PATHS = NO;
				CLANG_ENABLE_OBJC_ARC = YES;
				CLANG_WARN_BOOL_CONVERSION = YES;
				CLANG_WARN_CONSTANT_CONVERSION = YES;
				CLANG_WARN_EMPTY_BODY = YES;
				CLANG_WARN_ENUM_CONVERSION = YES;
				CLANG_WARN_INT_CONVERSION = YES;
				CLANG_WARN_UNREACHABLE_CODE = YES;
				CLANG_WARN__DUPLICATE_METHOD_MATCH = YES;
				"CODE_SIGN_IDENTITY[sdk=iphoneos*]" = "iPhone Developer";
				COPY_PHASE_STRIP = YES;
				ENABLE_STRICT_OBJC_MSGSEND = YES;
				GCC_C_LANGUAGE_STANDARD = gnu99;
				GCC_VERSION = com.apple.compilers.llvm.clang.1_0;
				GCC_WARN_64_TO_32_BIT_CONVERSION = YES;
				GCC_WARN_ABOUT_MISSING_PROTOTYPES = YES;
				GCC_WARN_ABOUT_RETURN_TYPE = YES;
				GCC_WARN_UNDECLARED_SELECTOR = YES;
				GCC_WARN_UNINITIALIZED_AUTOS = YES;
				GCC_WARN_UNUSED_FUNCTION = YES;
				GCC_WARN_UNUSED_VARIABLE = YES;
				IPHONEOS_DEPLOYMENT_TARGET = 4.3;
				OTHER_CFLAGS = "-DNS_BLOCK_ASSERTIONS=1";
				SDKROOT = iphoneos;
				VALIDATE_PRODUCT = YES;
			};
			name = Release;
		};
		63B7814B14E0BBE60009EE1F /* Debug */ = {
			isa = XCBuildConfiguration;
			buildSettings = {
				GCC_PRECOMPILE_PREFIX_HEADER = YES;
				GCC_PREFIX_HEADER = "DACircularProgressExample/DACircularProgressExample-Prefix.pch";
				INFOPLIST_FILE = "DACircularProgressExample/DACircularProgressExample-Info.plist";
				IPHONEOS_DEPLOYMENT_TARGET = 4.3;
				PRODUCT_NAME = "$(TARGET_NAME)";
				WRAPPER_EXTENSION = app;
			};
			name = Debug;
		};
		63B7814C14E0BBE60009EE1F /* Release */ = {
			isa = XCBuildConfiguration;
			buildSettings = {
				GCC_PRECOMPILE_PREFIX_HEADER = YES;
				GCC_PREFIX_HEADER = "DACircularProgressExample/DACircularProgressExample-Prefix.pch";
				INFOPLIST_FILE = "DACircularProgressExample/DACircularProgressExample-Info.plist";
				IPHONEOS_DEPLOYMENT_TARGET = 4.3;
				PRODUCT_NAME = "$(TARGET_NAME)";
				WRAPPER_EXTENSION = app;
			};
			name = Release;
		};
/* End XCBuildConfiguration section */

/* Begin XCConfigurationList section */
		63B7812614E0BBE60009EE1F /* Build configuration list for PBXProject "DACircularProgressExample" */ = {
			isa = XCConfigurationList;
			buildConfigurations = (
				63B7814814E0BBE60009EE1F /* Debug */,
				63B7814914E0BBE60009EE1F /* Release */,
			);
			defaultConfigurationIsVisible = 0;
			defaultConfigurationName = Release;
		};
		63B7814A14E0BBE60009EE1F /* Build configuration list for PBXNativeTarget "DACircularProgressExample" */ = {
			isa = XCConfigurationList;
			buildConfigurations = (
				63B7814B14E0BBE60009EE1F /* Debug */,
				63B7814C14E0BBE60009EE1F /* Release */,
			);
			defaultConfigurationIsVisible = 0;
			defaultConfigurationName = Release;
		};
/* End XCConfigurationList section */
	};
	rootObject = 63B7812314E0BBE60009EE1F /* Project object */;
}
